
Microsoft Visual Studio Solution File, Format Version 12.00
# Visual Studio 15
VisualStudioVersion = 15.0.28010.2046
MinimumVisualStudioVersion = 10.0.40219.1
Project("{FAE04EC0-301F-11D3-BF4B-00C04F79EFBC}") = "Wintimizer", "Wintimizer\Wintimizer.csproj", "{838C16AB-A995-4851-88D4-2FE52C529431}"
EndProject
Global
	GlobalSection(SolutionConfigurationPlatforms) = preSolution
		Debug|Any CPU = Debug|Any CPU
		Release|Any CPU = Release|Any CPU
	EndGlobalSection
	GlobalSection(ProjectConfigurationPlatforms) = postSolution
		{838C16AB-A995-4851-88D4-2FE52C529431}.Debug|Any CPU.ActiveCfg = Debug|Any CPU
		{838C16AB-A995-4851-88D4-2FE52C529431}.Debug|Any CPU.Build.0 = Debug|Any CPU
		{838C16AB-A995-4851-88D4-2FE52C529431}.Release|Any CPU.ActiveCfg = Release|Any CPU
		{838C16AB-A995-4851-88D4-2FE52C529431}.Release|Any CPU.Build.0 = Release|Any CPU
	EndGlobalSection
	GlobalSection(SolutionProperties) = preSolution
		HideSolutionNode = FALSE
	EndGlobalSection
	GlobalSection(ExtensibilityGlobals) = postSolution
		SolutionGuid = {E3297A1C-EDDE-4EA1-BDE5-DB5C25E03892}
	EndGlobalSection
EndGlobal
